
Microsoft Visual Studio Solution File, Format Version 12.00
# Visual Studio Version 16
VisualStudioVersion = 16.0.31229.75
MinimumVisualStudioVersion = 10.0.40219.1
Project("{FAE04EC0-301F-11D3-BF4B-00C04F79EFBC}") = "AmagiTech.GoogleReCaptcha", "AmagiTech.GoogleReCaptcha\AmagiTech.GoogleReCaptcha.csproj", "{0657AE80-A692-4B68-A0EF-E7C977DAE9A9}"
EndProject
Project("{FAE04EC0-301F-11D3-BF4B-00C04F79EFBC}") = "SampleProject", "SampleProject\SampleProject.csproj", "{B6ED9E66-DC4E-4D2F-865E-D09E980645E2}"
EndProject
Global
	GlobalSection(SolutionConfigurationPlatforms) = preSolution
		Debug|Any CPU = Debug|Any CPU
		Release|Any CPU = Release|Any CPU
	EndGlobalSection
	GlobalSection(ProjectConfigurationPlatforms) = postSolution
		{0657AE80-A692-4B68-A0EF-E7C977DAE9A9}.Debug|Any CPU.ActiveCfg = Debug|Any CPU
		{0657AE80-A692-4B68-A0EF-E7C977DAE9A9}.Debug|Any CPU.Build.0 = Debug|Any CPU
		{0657AE80-A692-4B68-A0EF-E7C977DAE9A9}.Release|Any CPU.ActiveCfg = Release|Any CPU
		{0657AE80-A692-4B68-A0EF-E7C977DAE9A9}.Release|Any CPU.Build.0 = Release|Any CPU
		{B6ED9E66-DC4E-4D2F-865E-D09E980645E2}.Debug|Any CPU.ActiveCfg = Debug|Any CPU
		{B6ED9E66-DC4E-4D2F-865E-D09E980645E2}.Debug|Any CPU.Build.0 = Debug|Any CPU
		{B6ED9E66-DC4E-4D2F-865E-D09E980645E2}.Release|Any CPU.ActiveCfg = Release|Any CPU
		{B6ED9E66-DC4E-4D2F-865E-D09E980645E2}.Release|Any CPU.Build.0 = Release|Any CPU
	EndGlobalSection
	GlobalSection(SolutionProperties) = preSolution
		HideSolutionNode = FALSE
	EndGlobalSection
	GlobalSection(ExtensibilityGlobals) = postSolution
		SolutionGuid = {50E35215-0BCB-46F8-95FA-53A467E9AC38}
	EndGlobalSection
EndGlobal
